
Microsoft Visual Studio Solution File, Format Version 12.00
Project("{FAE04EC0-301F-11D3-BF4B-00C04F79EFBC}") = "Talk.EsBase.Commands", "Talk.EsBase.Commands\Talk.EsBase.Commands.csproj", "{49B76957-4D70-4F29-A673-1914E3AC0CB7}"
EndProject
Project("{FAE04EC0-301F-11D3-BF4B-00C04F79EFBC}") = "Talk.Domain", "..\..\shared\Talk.Domain\Talk.Domain.csproj", "{8754DE16-A441-4C17-BB6E-DE82BC83A86A}"
EndProject
Project("{FAE04EC0-301F-11D3-BF4B-00C04F79EFBC}") = "Talk.Messages", "..\..\shared\Talk.Messages\Talk.Messages.csproj", "{87E2A14D-0942-412D-AC9D-98D3CA02BAE2}"
EndProject
Project("{FAE04EC0-301F-11D3-BF4B-00C04F79EFBC}") = "Talk.EventSourcing", "..\..\libs\Talk.EventSourcing\Talk.EventSourcing.csproj", "{BEB84F8F-A145-4DE9-B1F5-5657BF1AC45D}"
EndProject
Project("{2150E333-8FDC-42A3-9474-1A3956D46DE8}") = "libs", "libs", "{82C9BFC4-4756-4C37-B9D4-D94BA9CBB71A}"
EndProject
Project("{FAE04EC0-301F-11D3-BF4B-00C04F79EFBC}") = "Talk.EventStore", "..\..\libs\Talk.EventStore\Talk.EventStore.csproj", "{0C155828-76E1-4F87-96AE-887BF8AE8ED4}"
EndProject
Global
	GlobalSection(SolutionConfigurationPlatforms) = preSolution
		Debug|Any CPU = Debug|Any CPU
		Release|Any CPU = Release|Any CPU
	EndGlobalSection
	GlobalSection(ProjectConfigurationPlatforms) = postSolution
		{49B76957-4D70-4F29-A673-1914E3AC0CB7}.Debug|Any CPU.ActiveCfg = Debug|Any CPU
		{49B76957-4D70-4F29-A673-1914E3AC0CB7}.Debug|Any CPU.Build.0 = Debug|Any CPU
		{49B76957-4D70-4F29-A673-1914E3AC0CB7}.Release|Any CPU.ActiveCfg = Release|Any CPU
		{49B76957-4D70-4F29-A673-1914E3AC0CB7}.Release|Any CPU.Build.0 = Release|Any CPU
		{8754DE16-A441-4C17-BB6E-DE82BC83A86A}.Debug|Any CPU.ActiveCfg = Debug|Any CPU
		{8754DE16-A441-4C17-BB6E-DE82BC83A86A}.Debug|Any CPU.Build.0 = Debug|Any CPU
		{8754DE16-A441-4C17-BB6E-DE82BC83A86A}.Release|Any CPU.ActiveCfg = Release|Any CPU
		{8754DE16-A441-4C17-BB6E-DE82BC83A86A}.Release|Any CPU.Build.0 = Release|Any CPU
		{87E2A14D-0942-412D-AC9D-98D3CA02BAE2}.Debug|Any CPU.ActiveCfg = Debug|Any CPU
		{87E2A14D-0942-412D-AC9D-98D3CA02BAE2}.Debug|Any CPU.Build.0 = Debug|Any CPU
		{87E2A14D-0942-412D-AC9D-98D3CA02BAE2}.Release|Any CPU.ActiveCfg = Release|Any CPU
		{87E2A14D-0942-412D-AC9D-98D3CA02BAE2}.Release|Any CPU.Build.0 = Release|Any CPU
		{BEB84F8F-A145-4DE9-B1F5-5657BF1AC45D}.Debug|Any CPU.ActiveCfg = Debug|Any CPU
		{BEB84F8F-A145-4DE9-B1F5-5657BF1AC45D}.Debug|Any CPU.Build.0 = Debug|Any CPU
		{BEB84F8F-A145-4DE9-B1F5-5657BF1AC45D}.Release|Any CPU.ActiveCfg = Release|Any CPU
		{BEB84F8F-A145-4DE9-B1F5-5657BF1AC45D}.Release|Any CPU.Build.0 = Release|Any CPU
		{0C155828-76E1-4F87-96AE-887BF8AE8ED4}.Debug|Any CPU.ActiveCfg = Debug|Any CPU
		{0C155828-76E1-4F87-96AE-887BF8AE8ED4}.Debug|Any CPU.Build.0 = Debug|Any CPU
		{0C155828-76E1-4F87-96AE-887BF8AE8ED4}.Release|Any CPU.ActiveCfg = Release|Any CPU
		{0C155828-76E1-4F87-96AE-887BF8AE8ED4}.Release|Any CPU.Build.0 = Release|Any CPU
	EndGlobalSection
	GlobalSection(NestedProjects) = preSolution
		{BEB84F8F-A145-4DE9-B1F5-5657BF1AC45D} = {82C9BFC4-4756-4C37-B9D4-D94BA9CBB71A}
		{0C155828-76E1-4F87-96AE-887BF8AE8ED4} = {82C9BFC4-4756-4C37-B9D4-D94BA9CBB71A}
	EndGlobalSection
EndGlobal
