
Microsoft Visual Studio Solution File, Format Version 12.00
Project("{FAE04EC0-301F-11D3-BF4B-00C04F79EFBC}") = "Talk.Client", "Talk.Client\Talk.Client.csproj", "{F9F40E44-9C4D-4327-A2B9-C1B3B5BB878B}"
EndProject
Project("{FAE04EC0-301F-11D3-BF4B-00C04F79EFBC}") = "Talk.Messages", "..\..\shared\Talk.Messages\Talk.Messages.csproj", "{D9CD5F01-1E55-47E5-B4C7-D6C9B2DEB82E}"
EndProject
Global
	GlobalSection(SolutionConfigurationPlatforms) = preSolution
		Debug|Any CPU = Debug|Any CPU
		Release|Any CPU = Release|Any CPU
	EndGlobalSection
	GlobalSection(ProjectConfigurationPlatforms) = postSolution
		{F9F40E44-9C4D-4327-A2B9-C1B3B5BB878B}.Debug|Any CPU.ActiveCfg = Debug|Any CPU
		{F9F40E44-9C4D-4327-A2B9-C1B3B5BB878B}.Debug|Any CPU.Build.0 = Debug|Any CPU
		{F9F40E44-9C4D-4327-A2B9-C1B3B5BB878B}.Release|Any CPU.ActiveCfg = Release|Any CPU
		{F9F40E44-9C4D-4327-A2B9-C1B3B5BB878B}.Release|Any CPU.Build.0 = Release|Any CPU
		{D9CD5F01-1E55-47E5-B4C7-D6C9B2DEB82E}.Debug|Any CPU.ActiveCfg = Debug|Any CPU
		{D9CD5F01-1E55-47E5-B4C7-D6C9B2DEB82E}.Debug|Any CPU.Build.0 = Debug|Any CPU
		{D9CD5F01-1E55-47E5-B4C7-D6C9B2DEB82E}.Release|Any CPU.ActiveCfg = Release|Any CPU
		{D9CD5F01-1E55-47E5-B4C7-D6C9B2DEB82E}.Release|Any CPU.Build.0 = Release|Any CPU
	EndGlobalSection
EndGlobal
